// !$*UTF8*$!
{
	archiveVersion = 1;
	classes = {
	};
	objectVersion = 52;
	objects = {

/* Begin PBXBuildFile section */
		5B351F642736BD9500FFC8FB /* Domain.docc in Sources */ = {isa = PBXBuildFile; fileRef = 5B351F632736BD9500FFC8FB /* Domain.docc */; };
		5B351F652736BD9500FFC8FB /* Domain.h in Headers */ = {isa = PBXBuildFile; fileRef = 5B351F622736BD9500FFC8FB /* Domain.h */; settings = {ATTRIBUTES = (Public, ); }; };
		5B351F682736BD9500FFC8FB /* Domain.framework in Frameworks */ = {isa = PBXBuildFile; fileRef = 5B351F602736BD9500FFC8FB /* Domain.framework */; };
		5B351F692736BD9500FFC8FB /* Domain.framework in Embed Frameworks */ = {isa = PBXBuildFile; fileRef = 5B351F602736BD9500FFC8FB /* Domain.framework */; settings = {ATTRIBUTES = (CodeSignOnCopy, RemoveHeadersOnCopy, ); }; };
		5B351F772736BDAC00FFC8FB /* Data.docc in Sources */ = {isa = PBXBuildFile; fileRef = 5B351F762736BDAC00FFC8FB /* Data.docc */; };
		5B351F782736BDAC00FFC8FB /* Data.h in Headers */ = {isa = PBXBuildFile; fileRef = 5B351F752736BDAC00FFC8FB /* Data.h */; settings = {ATTRIBUTES = (Public, ); }; };
		5B351F7B2736BDAC00FFC8FB /* Data.framework in Frameworks */ = {isa = PBXBuildFile; fileRef = 5B351F732736BDAC00FFC8FB /* Data.framework */; };
		5B351F7C2736BDAC00FFC8FB /* Data.framework in Embed Frameworks */ = {isa = PBXBuildFile; fileRef = 5B351F732736BDAC00FFC8FB /* Data.framework */; settings = {ATTRIBUTES = (CodeSignOnCopy, RemoveHeadersOnCopy, ); }; };
		5B351F812736BDE300FFC8FB /* Domain.framework in Frameworks */ = {isa = PBXBuildFile; fileRef = 5B351F602736BD9500FFC8FB /* Domain.framework */; platformFilter = ios; };
		5B351F882736C0B700FFC8FB /* City.swift in Sources */ = {isa = PBXBuildFile; fileRef = 5B351F872736C0B700FFC8FB /* City.swift */; };
		5B351F8C2736C13B00FFC8FB /* CityRepo.swift in Sources */ = {isa = PBXBuildFile; fileRef = 5B351F8B2736C13B00FFC8FB /* CityRepo.swift */; };
		5B351F902736C20200FFC8FB /* CitySearchUseCase.swift in Sources */ = {isa = PBXBuildFile; fileRef = 5B351F8F2736C20200FFC8FB /* CitySearchUseCase.swift */; };
		5B351F922736C30500FFC8FB /* CityStorage.swift in Sources */ = {isa = PBXBuildFile; fileRef = 5B351F912736C30500FFC8FB /* CityStorage.swift */; };
		5B351F942736C34000FFC8FB /* CitySearchUseCaseImpl.swift in Sources */ = {isa = PBXBuildFile; fileRef = 5B351F932736C34000FFC8FB /* CitySearchUseCaseImpl.swift */; };
		5B351F972736C9AA00FFC8FB /* CityRepo.swift in Sources */ = {isa = PBXBuildFile; fileRef = 5B351F962736C9AA00FFC8FB /* CityRepo.swift */; };
		5B351F9A2736CB9B00FFC8FB /* Alamofire in Frameworks */ = {isa = PBXBuildFile; productRef = 5B351F992736CB9B00FFC8FB /* Alamofire */; };
		5B351F9D2736CE9700FFC8FB /* DomainRepresentable.swift in Sources */ = {isa = PBXBuildFile; fileRef = 5B351F9C2736CE9700FFC8FB /* DomainRepresentable.swift */; };
		5B351FA02736CEB200FFC8FB /* Array+DomainRepresentable.swift in Sources */ = {isa = PBXBuildFile; fileRef = 5B351F9F2736CEB200FFC8FB /* Array+DomainRepresentable.swift */; };
		5B351FA32736CF9000FFC8FB /* CityDTO.swift in Sources */ = {isa = PBXBuildFile; fileRef = 5B351FA22736CF9000FFC8FB /* CityDTO.swift */; };
		5B351FA52736D0E900FFC8FB /* CityStorage.swift in Sources */ = {isa = PBXBuildFile; fileRef = 5B351FA42736D0E900FFC8FB /* CityStorage.swift */; };
		5B8D19AA273FD8050084BD55 /* city.list.json in Resources */ = {isa = PBXBuildFile; fileRef = 5B8D19A9273FD8050084BD55 /* city.list.json */; };
		5BA2D7952736DBC6009B0FCA /* AppLaunchScene.h in Headers */ = {isa = PBXBuildFile; fileRef = 5BA2D7942736DBC6009B0FCA /* AppLaunchScene.h */; settings = {ATTRIBUTES = (Public, ); }; };
		5BA2D79E2736DBFA009B0FCA /* AppLaunchView.swift in Sources */ = {isa = PBXBuildFile; fileRef = 5BA2D79D2736DBFA009B0FCA /* AppLaunchView.swift */; };
		5BA2D7A92736DD47009B0FCA /* SwiftUIPresentation.h in Headers */ = {isa = PBXBuildFile; fileRef = 5BA2D7A82736DD47009B0FCA /* SwiftUIPresentation.h */; settings = {ATTRIBUTES = (Public, ); }; };
		5BA2D7AC2736DD47009B0FCA /* SwiftUIPresentation.framework in Frameworks */ = {isa = PBXBuildFile; fileRef = 5BA2D7A62736DD47009B0FCA /* SwiftUIPresentation.framework */; };
		5BA2D7AD2736DD47009B0FCA /* SwiftUIPresentation.framework in Embed Frameworks */ = {isa = PBXBuildFile; fileRef = 5BA2D7A62736DD47009B0FCA /* SwiftUIPresentation.framework */; settings = {ATTRIBUTES = (CodeSignOnCopy, RemoveHeadersOnCopy, ); }; };
		5BA2D7B12736DD6B009B0FCA /* AppLaunchScene.framework in Frameworks */ = {isa = PBXBuildFile; fileRef = 5BA2D7922736DBC6009B0FCA /* AppLaunchScene.framework */; };
		5BA2D7B22736DD6B009B0FCA /* AppLaunchScene.framework in Embed Frameworks */ = {isa = PBXBuildFile; fileRef = 5BA2D7922736DBC6009B0FCA /* AppLaunchScene.framework */; settings = {ATTRIBUTES = (CodeSignOnCopy, RemoveHeadersOnCopy, ); }; };
		5BA6CC2926B747EF004350A6 /* ConfigReader.swift in Sources */ = {isa = PBXBuildFile; fileRef = 5BA6CC2826B747EF004350A6 /* ConfigReader.swift */; };
		5BD00B6226B735F3005910BB /* AppDelegate.swift in Sources */ = {isa = PBXBuildFile; fileRef = 5BD00B6126B735F3005910BB /* AppDelegate.swift */; };
		5BD00B6426B735F3005910BB /* SceneDelegate.swift in Sources */ = {isa = PBXBuildFile; fileRef = 5BD00B6326B735F3005910BB /* SceneDelegate.swift */; };
		5BD00B6826B735F5005910BB /* Assets.xcassets in Resources */ = {isa = PBXBuildFile; fileRef = 5BD00B6726B735F5005910BB /* Assets.xcassets */; };
		5BD00B6B26B735F5005910BB /* Preview Assets.xcassets in Resources */ = {isa = PBXBuildFile; fileRef = 5BD00B6A26B735F5005910BB /* Preview Assets.xcassets */; };
		5BD00B6E26B735F5005910BB /* LaunchScreen.storyboard in Resources */ = {isa = PBXBuildFile; fileRef = 5BD00B6C26B735F5005910BB /* LaunchScreen.storyboard */; };
		5BD00B7626B73695005910BB /* MainViewController.swift in Sources */ = {isa = PBXBuildFile; fileRef = 5BD00B7526B73695005910BB /* MainViewController.swift */; };
		5BD00B7926B736CD005910BB /* MainView.swift in Sources */ = {isa = PBXBuildFile; fileRef = 5BD00B7826B736CD005910BB /* MainView.swift */; };
/* End PBXBuildFile section */

/* Begin PBXContainerItemProxy section */
		5B351F662736BD9500FFC8FB /* PBXContainerItemProxy */ = {
			isa = PBXContainerItemProxy;
			containerPortal = 5BD00B5626B735F3005910BB /* Project object */;
			proxyType = 1;
			remoteGlobalIDString = 5B351F5F2736BD9500FFC8FB;
			remoteInfo = Domain;
		};
		5B351F792736BDAC00FFC8FB /* PBXContainerItemProxy */ = {
			isa = PBXContainerItemProxy;
			containerPortal = 5BD00B5626B735F3005910BB /* Project object */;
			proxyType = 1;
			remoteGlobalIDString = 5B351F722736BDAC00FFC8FB;
			remoteInfo = Data;
		};
		5B351F832736BDE300FFC8FB /* PBXContainerItemProxy */ = {
			isa = PBXContainerItemProxy;
			containerPortal = 5BD00B5626B735F3005910BB /* Project object */;
			proxyType = 1;
			remoteGlobalIDString = 5B351F5F2736BD9500FFC8FB;
			remoteInfo = Domain;
		};
		5BA2D7AA2736DD47009B0FCA /* PBXContainerItemProxy */ = {
			isa = PBXContainerItemProxy;
			containerPortal = 5BD00B5626B735F3005910BB /* Project object */;
			proxyType = 1;
			remoteGlobalIDString = 5BA2D7A52736DD47009B0FCA;
			remoteInfo = SwiftUIPresentation;
		};
		5BA2D7B32736DD6B009B0FCA /* PBXContainerItemProxy */ = {
			isa = PBXContainerItemProxy;
			containerPortal = 5BD00B5626B735F3005910BB /* Project object */;
			proxyType = 1;
			remoteGlobalIDString = 5BA2D7912736DBC6009B0FCA;
			remoteInfo = AppLaunchScene;
		};
/* End PBXContainerItemProxy section */

/* Begin PBXCopyFilesBuildPhase section */
		5B351F6A2736BD9500FFC8FB /* Embed Frameworks */ = {
			isa = PBXCopyFilesBuildPhase;
			buildActionMask = 2147483647;
			dstPath = "";
			dstSubfolderSpec = 10;
			files = (
				5BA2D7AD2736DD47009B0FCA /* SwiftUIPresentation.framework in Embed Frameworks */,
				5B351F7C2736BDAC00FFC8FB /* Data.framework in Embed Frameworks */,
				5B351F692736BD9500FFC8FB /* Domain.framework in Embed Frameworks */,
			);
			name = "Embed Frameworks";
			runOnlyForDeploymentPostprocessing = 0;
		};
		5BA2D7B52736DD6B009B0FCA /* Embed Frameworks */ = {
			isa = PBXCopyFilesBuildPhase;
			buildActionMask = 2147483647;
			dstPath = "";
			dstSubfolderSpec = 10;
			files = (
				5BA2D7B22736DD6B009B0FCA /* AppLaunchScene.framework in Embed Frameworks */,
			);
			name = "Embed Frameworks";
			runOnlyForDeploymentPostprocessing = 0;
		};
/* End PBXCopyFilesBuildPhase section */

/* Begin PBXFileReference section */
		5B351F602736BD9500FFC8FB /* Domain.framework */ = {isa = PBXFileReference; explicitFileType = wrapper.framework; includeInIndex = 0; path = Domain.framework; sourceTree = BUILT_PRODUCTS_DIR; };
		5B351F622736BD9500FFC8FB /* Domain.h */ = {isa = PBXFileReference; lastKnownFileType = sourcecode.c.h; path = Domain.h; sourceTree = "<group>"; };
		5B351F632736BD9500FFC8FB /* Domain.docc */ = {isa = PBXFileReference; lastKnownFileType = folder.documentationcatalog; path = Domain.docc; sourceTree = "<group>"; };
		5B351F732736BDAC00FFC8FB /* Data.framework */ = {isa = PBXFileReference; explicitFileType = wrapper.framework; includeInIndex = 0; path = Data.framework; sourceTree = BUILT_PRODUCTS_DIR; };
		5B351F752736BDAC00FFC8FB /* Data.h */ = {isa = PBXFileReference; lastKnownFileType = sourcecode.c.h; path = Data.h; sourceTree = "<group>"; };
		5B351F762736BDAC00FFC8FB /* Data.docc */ = {isa = PBXFileReference; lastKnownFileType = folder.documentationcatalog; path = Data.docc; sourceTree = "<group>"; };
		5B351F872736C0B700FFC8FB /* City.swift */ = {isa = PBXFileReference; lastKnownFileType = sourcecode.swift; path = City.swift; sourceTree = "<group>"; };
		5B351F8B2736C13B00FFC8FB /* CityRepo.swift */ = {isa = PBXFileReference; lastKnownFileType = sourcecode.swift; path = CityRepo.swift; sourceTree = "<group>"; };
		5B351F8F2736C20200FFC8FB /* CitySearchUseCase.swift */ = {isa = PBXFileReference; lastKnownFileType = sourcecode.swift; path = CitySearchUseCase.swift; sourceTree = "<group>"; };
		5B351F912736C30500FFC8FB /* CityStorage.swift */ = {isa = PBXFileReference; lastKnownFileType = sourcecode.swift; path = CityStorage.swift; sourceTree = "<group>"; };
		5B351F932736C34000FFC8FB /* CitySearchUseCaseImpl.swift */ = {isa = PBXFileReference; lastKnownFileType = sourcecode.swift; path = CitySearchUseCaseImpl.swift; sourceTree = "<group>"; };
		5B351F962736C9AA00FFC8FB /* CityRepo.swift */ = {isa = PBXFileReference; lastKnownFileType = sourcecode.swift; path = CityRepo.swift; sourceTree = "<group>"; };
		5B351F9C2736CE9700FFC8FB /* DomainRepresentable.swift */ = {isa = PBXFileReference; lastKnownFileType = sourcecode.swift; path = DomainRepresentable.swift; sourceTree = "<group>"; };
		5B351F9F2736CEB200FFC8FB /* Array+DomainRepresentable.swift */ = {isa = PBXFileReference; lastKnownFileType = sourcecode.swift; path = "Array+DomainRepresentable.swift"; sourceTree = "<group>"; };
		5B351FA22736CF9000FFC8FB /* CityDTO.swift */ = {isa = PBXFileReference; lastKnownFileType = sourcecode.swift; path = CityDTO.swift; sourceTree = "<group>"; };
		5B351FA42736D0E900FFC8FB /* CityStorage.swift */ = {isa = PBXFileReference; lastKnownFileType = sourcecode.swift; path = CityStorage.swift; sourceTree = "<group>"; };
		5B8D19A9273FD8050084BD55 /* city.list.json */ = {isa = PBXFileReference; fileEncoding = 4; lastKnownFileType = text.json; path = city.list.json; sourceTree = "<group>"; };
		5BA2D7922736DBC6009B0FCA /* AppLaunchScene.framework */ = {isa = PBXFileReference; explicitFileType = wrapper.framework; includeInIndex = 0; path = AppLaunchScene.framework; sourceTree = BUILT_PRODUCTS_DIR; };
		5BA2D7942736DBC6009B0FCA /* AppLaunchScene.h */ = {isa = PBXFileReference; lastKnownFileType = sourcecode.c.h; path = AppLaunchScene.h; sourceTree = "<group>"; };
		5BA2D79D2736DBFA009B0FCA /* AppLaunchView.swift */ = {isa = PBXFileReference; lastKnownFileType = sourcecode.swift; path = AppLaunchView.swift; sourceTree = "<group>"; };
		5BA2D7A62736DD47009B0FCA /* SwiftUIPresentation.framework */ = {isa = PBXFileReference; explicitFileType = wrapper.framework; includeInIndex = 0; path = SwiftUIPresentation.framework; sourceTree = BUILT_PRODUCTS_DIR; };
		5BA2D7A82736DD47009B0FCA /* SwiftUIPresentation.h */ = {isa = PBXFileReference; lastKnownFileType = sourcecode.c.h; path = SwiftUIPresentation.h; sourceTree = "<group>"; };
		5BA6CC2426B744BE004350A6 /* Api.xcconfig */ = {isa = PBXFileReference; lastKnownFileType = text.xcconfig; path = Api.xcconfig; sourceTree = "<group>"; };
		5BA6CC2526B74505004350A6 /* Debug.xcconfig */ = {isa = PBXFileReference; lastKnownFileType = text.xcconfig; path = Debug.xcconfig; sourceTree = "<group>"; };
		5BA6CC2626B7450D004350A6 /* Release.xcconfig */ = {isa = PBXFileReference; lastKnownFileType = text.xcconfig; path = Release.xcconfig; sourceTree = "<group>"; };
		5BA6CC2826B747EF004350A6 /* ConfigReader.swift */ = {isa = PBXFileReference; lastKnownFileType = sourcecode.swift; path = ConfigReader.swift; sourceTree = "<group>"; };
		5BD00B5E26B735F3005910BB /* Weather.app */ = {isa = PBXFileReference; explicitFileType = wrapper.application; includeInIndex = 0; path = Weather.app; sourceTree = BUILT_PRODUCTS_DIR; };
		5BD00B6126B735F3005910BB /* AppDelegate.swift */ = {isa = PBXFileReference; lastKnownFileType = sourcecode.swift; path = AppDelegate.swift; sourceTree = "<group>"; };
		5BD00B6326B735F3005910BB /* SceneDelegate.swift */ = {isa = PBXFileReference; lastKnownFileType = sourcecode.swift; path = SceneDelegate.swift; sourceTree = "<group>"; };
		5BD00B6726B735F5005910BB /* Assets.xcassets */ = {isa = PBXFileReference; lastKnownFileType = folder.assetcatalog; path = Assets.xcassets; sourceTree = "<group>"; };
		5BD00B6A26B735F5005910BB /* Preview Assets.xcassets */ = {isa = PBXFileReference; lastKnownFileType = folder.assetcatalog; path = "Preview Assets.xcassets"; sourceTree = "<group>"; };
		5BD00B6D26B735F5005910BB /* Base */ = {isa = PBXFileReference; lastKnownFileType = file.storyboard; name = Base; path = Base.lproj/LaunchScreen.storyboard; sourceTree = "<group>"; };
		5BD00B6F26B735F5005910BB /* Info.plist */ = {isa = PBXFileReference; lastKnownFileType = text.plist.xml; path = Info.plist; sourceTree = "<group>"; };
		5BD00B7526B73695005910BB /* MainViewController.swift */ = {isa = PBXFileReference; lastKnownFileType = sourcecode.swift; path = MainViewController.swift; sourceTree = "<group>"; };
		5BD00B7826B736CD005910BB /* MainView.swift */ = {isa = PBXFileReference; lastKnownFileType = sourcecode.swift; path = MainView.swift; sourceTree = "<group>"; };
/* End PBXFileReference section */

/* Begin PBXFrameworksBuildPhase section */
		5B351F5D2736BD9500FFC8FB /* Frameworks */ = {
			isa = PBXFrameworksBuildPhase;
			buildActionMask = 2147483647;
			files = (
			);
			runOnlyForDeploymentPostprocessing = 0;
		};
		5B351F702736BDAC00FFC8FB /* Frameworks */ = {
			isa = PBXFrameworksBuildPhase;
			buildActionMask = 2147483647;
			files = (
				5B351F812736BDE300FFC8FB /* Domain.framework in Frameworks */,
				5B351F9A2736CB9B00FFC8FB /* Alamofire in Frameworks */,
			);
			runOnlyForDeploymentPostprocessing = 0;
		};
		5BA2D78F2736DBC6009B0FCA /* Frameworks */ = {
			isa = PBXFrameworksBuildPhase;
			buildActionMask = 2147483647;
			files = (
			);
			runOnlyForDeploymentPostprocessing = 0;
		};
		5BA2D7A32736DD47009B0FCA /* Frameworks */ = {
			isa = PBXFrameworksBuildPhase;
			buildActionMask = 2147483647;
			files = (
				5BA2D7B12736DD6B009B0FCA /* AppLaunchScene.framework in Frameworks */,
			);
			runOnlyForDeploymentPostprocessing = 0;
		};
		5BD00B5B26B735F3005910BB /* Frameworks */ = {
			isa = PBXFrameworksBuildPhase;
			buildActionMask = 2147483647;
			files = (
				5BA2D7AC2736DD47009B0FCA /* SwiftUIPresentation.framework in Frameworks */,
				5B351F7B2736BDAC00FFC8FB /* Data.framework in Frameworks */,
				5B351F682736BD9500FFC8FB /* Domain.framework in Frameworks */,
			);
			runOnlyForDeploymentPostprocessing = 0;
		};
/* End PBXFrameworksBuildPhase section */

/* Begin PBXGroup section */
		5B351F612736BD9500FFC8FB /* Domain */ = {
			isa = PBXGroup;
			children = (
				5B351F632736BD9500FFC8FB /* Domain.docc */,
				5B351F622736BD9500FFC8FB /* Domain.h */,
				5B351F862736C0AB00FFC8FB /* Models */,
				5B351F8A2736C10C00FFC8FB /* Repositories */,
				5B351F892736C10300FFC8FB /* UseCases */,
			);
			path = Domain;
			sourceTree = "<group>";
		};
		5B351F742736BDAC00FFC8FB /* Data */ = {
			isa = PBXGroup;
			children = (
				5B8D19A8273FD7EB0084BD55 /* Resourses */,
				5B351FA12736CF8400FFC8FB /* DTO */,
				5B351F9E2736CE9C00FFC8FB /* Extentions */,
				5B351F9B2736CE7B00FFC8FB /* Protocols */,
				5B351F952736C99D00FFC8FB /* Repositories */,
				5B351F752736BDAC00FFC8FB /* Data.h */,
				5B351F762736BDAC00FFC8FB /* Data.docc */,
			);
			path = Data;
			sourceTree = "<group>";
		};
		5B351F802736BDE300FFC8FB /* Frameworks */ = {
			isa = PBXGroup;
			children = (
			);
			name = Frameworks;
			sourceTree = "<group>";
		};
		5B351F862736C0AB00FFC8FB /* Models */ = {
			isa = PBXGroup;
			children = (
				5B351F872736C0B700FFC8FB /* City.swift */,
			);
			path = Models;
			sourceTree = "<group>";
		};
		5B351F892736C10300FFC8FB /* UseCases */ = {
			isa = PBXGroup;
			children = (
				5B351F8E2736C1EE00FFC8FB /* CitySearch */,
			);
			path = UseCases;
			sourceTree = "<group>";
		};
		5B351F8A2736C10C00FFC8FB /* Repositories */ = {
			isa = PBXGroup;
			children = (
				5B351F8B2736C13B00FFC8FB /* CityRepo.swift */,
				5B351F912736C30500FFC8FB /* CityStorage.swift */,
			);
			path = Repositories;
			sourceTree = "<group>";
		};
		5B351F8E2736C1EE00FFC8FB /* CitySearch */ = {
			isa = PBXGroup;
			children = (
				5B351F8F2736C20200FFC8FB /* CitySearchUseCase.swift */,
				5B351F932736C34000FFC8FB /* CitySearchUseCaseImpl.swift */,
			);
			path = CitySearch;
			sourceTree = "<group>";
		};
		5B351F952736C99D00FFC8FB /* Repositories */ = {
			isa = PBXGroup;
			children = (
				5B351F962736C9AA00FFC8FB /* CityRepo.swift */,
				5B351FA42736D0E900FFC8FB /* CityStorage.swift */,
			);
			path = Repositories;
			sourceTree = "<group>";
		};
		5B351F9B2736CE7B00FFC8FB /* Protocols */ = {
			isa = PBXGroup;
			children = (
				5B351F9C2736CE9700FFC8FB /* DomainRepresentable.swift */,
			);
			path = Protocols;
			sourceTree = "<group>";
		};
		5B351F9E2736CE9C00FFC8FB /* Extentions */ = {
			isa = PBXGroup;
			children = (
				5B351F9F2736CEB200FFC8FB /* Array+DomainRepresentable.swift */,
			);
			path = Extentions;
			sourceTree = "<group>";
		};
		5B351FA12736CF8400FFC8FB /* DTO */ = {
			isa = PBXGroup;
			children = (
				5B351FA22736CF9000FFC8FB /* CityDTO.swift */,
			);
			path = DTO;
			sourceTree = "<group>";
		};
		5B8D19A8273FD7EB0084BD55 /* Resourses */ = {
			isa = PBXGroup;
			children = (
				5B8D19A9273FD8050084BD55 /* city.list.json */,
			);
			path = Resourses;
			sourceTree = "<group>";
		};
		5BA2D7932736DBC6009B0FCA /* AppLaunchScene */ = {
			isa = PBXGroup;
			children = (
				5BA2D7942736DBC6009B0FCA /* AppLaunchScene.h */,
				5BA2D79D2736DBFA009B0FCA /* AppLaunchView.swift */,
			);
			path = AppLaunchScene;
			sourceTree = "<group>";
		};
		5BA2D7A02736DD26009B0FCA /* Presentations */ = {
			isa = PBXGroup;
			children = (
				5BA2D7A72736DD47009B0FCA /* SwiftUIPresentation */,
			);
			path = Presentations;
			sourceTree = "<group>";
		};
		5BA2D7A72736DD47009B0FCA /* SwiftUIPresentation */ = {
			isa = PBXGroup;
			children = (
				5BA2D7A82736DD47009B0FCA /* SwiftUIPresentation.h */,
				5BA2D7932736DBC6009B0FCA /* AppLaunchScene */,
			);
			path = SwiftUIPresentation;
			sourceTree = "<group>";
		};
		5BA6CC2326B7449F004350A6 /* Configures */ = {
			isa = PBXGroup;
			children = (
				5BA6CC2426B744BE004350A6 /* Api.xcconfig */,
				5BA6CC2526B74505004350A6 /* Debug.xcconfig */,
				5BA6CC2626B7450D004350A6 /* Release.xcconfig */,
			);
			path = Configures;
			sourceTree = "<group>";
		};
		5BA6CC2726B747DC004350A6 /* Utils */ = {
			isa = PBXGroup;
			children = (
				5BA6CC2826B747EF004350A6 /* ConfigReader.swift */,
			);
			path = Utils;
			sourceTree = "<group>";
		};
		5BD00B5526B735F3005910BB = {
			isa = PBXGroup;
			children = (
				5BD00B6026B735F3005910BB /* Weather */,
				5B351F612736BD9500FFC8FB /* Domain */,
				5B351F742736BDAC00FFC8FB /* Data */,
				5BA2D7A02736DD26009B0FCA /* Presentations */,
				5BD00B5F26B735F3005910BB /* Products */,
				5B351F802736BDE300FFC8FB /* Frameworks */,
			);
			sourceTree = "<group>";
		};
		5BD00B5F26B735F3005910BB /* Products */ = {
			isa = PBXGroup;
			children = (
				5BD00B5E26B735F3005910BB /* Weather.app */,
				5B351F602736BD9500FFC8FB /* Domain.framework */,
				5B351F732736BDAC00FFC8FB /* Data.framework */,
				5BA2D7922736DBC6009B0FCA /* AppLaunchScene.framework */,
				5BA2D7A62736DD47009B0FCA /* SwiftUIPresentation.framework */,
			);
			name = Products;
			sourceTree = "<group>";
		};
		5BD00B6026B735F3005910BB /* Weather */ = {
			isa = PBXGroup;
			children = (
				5BA6CC2726B747DC004350A6 /* Utils */,
				5BA6CC2326B7449F004350A6 /* Configures */,
				5BD00B7726B736B0005910BB /* Main */,
				5BD00B6126B735F3005910BB /* AppDelegate.swift */,
				5BD00B6326B735F3005910BB /* SceneDelegate.swift */,
				5BD00B6726B735F5005910BB /* Assets.xcassets */,
				5BD00B6C26B735F5005910BB /* LaunchScreen.storyboard */,
				5BD00B6F26B735F5005910BB /* Info.plist */,
				5BD00B6926B735F5005910BB /* Preview Content */,
			);
			path = Weather;
			sourceTree = "<group>";
		};
		5BD00B6926B735F5005910BB /* Preview Content */ = {
			isa = PBXGroup;
			children = (
				5BD00B6A26B735F5005910BB /* Preview Assets.xcassets */,
			);
			path = "Preview Content";
			sourceTree = "<group>";
		};
		5BD00B7726B736B0005910BB /* Main */ = {
			isa = PBXGroup;
			children = (
				5BD00B7A26B736D1005910BB /* Views */,
				5BD00B7526B73695005910BB /* MainViewController.swift */,
			);
			path = Main;
			sourceTree = "<group>";
		};
		5BD00B7A26B736D1005910BB /* Views */ = {
			isa = PBXGroup;
			children = (
				5BD00B7826B736CD005910BB /* MainView.swift */,
			);
			path = Views;
			sourceTree = "<group>";
		};
/* End PBXGroup section */

/* Begin PBXHeadersBuildPhase section */
		5B351F5B2736BD9500FFC8FB /* Headers */ = {
			isa = PBXHeadersBuildPhase;
			buildActionMask = 2147483647;
			files = (
				5B351F652736BD9500FFC8FB /* Domain.h in Headers */,
			);
			runOnlyForDeploymentPostprocessing = 0;
		};
		5B351F6E2736BDAC00FFC8FB /* Headers */ = {
			isa = PBXHeadersBuildPhase;
			buildActionMask = 2147483647;
			files = (
				5B351F782736BDAC00FFC8FB /* Data.h in Headers */,
			);
			runOnlyForDeploymentPostprocessing = 0;
		};
		5BA2D78D2736DBC6009B0FCA /* Headers */ = {
			isa = PBXHeadersBuildPhase;
			buildActionMask = 2147483647;
			files = (
				5BA2D7952736DBC6009B0FCA /* AppLaunchScene.h in Headers */,
			);
			runOnlyForDeploymentPostprocessing = 0;
		};
		5BA2D7A12736DD47009B0FCA /* Headers */ = {
			isa = PBXHeadersBuildPhase;
			buildActionMask = 2147483647;
			files = (
				5BA2D7A92736DD47009B0FCA /* SwiftUIPresentation.h in Headers */,
			);
			runOnlyForDeploymentPostprocessing = 0;
		};
/* End PBXHeadersBuildPhase section */

/* Begin PBXNativeTarget section */
		5B351F5F2736BD9500FFC8FB /* Domain */ = {
			isa = PBXNativeTarget;
			buildConfigurationList = 5B351F6D2736BD9500FFC8FB /* Build configuration list for PBXNativeTarget "Domain" */;
			buildPhases = (
				5B351F5B2736BD9500FFC8FB /* Headers */,
				5B351F5C2736BD9500FFC8FB /* Sources */,
				5B351F5D2736BD9500FFC8FB /* Frameworks */,
				5B351F5E2736BD9500FFC8FB /* Resources */,
			);
			buildRules = (
			);
			dependencies = (
			);
			name = Domain;
			productName = Domain;
			productReference = 5B351F602736BD9500FFC8FB /* Domain.framework */;
			productType = "com.apple.product-type.framework";
		};
		5B351F722736BDAC00FFC8FB /* Data */ = {
			isa = PBXNativeTarget;
			buildConfigurationList = 5B351F7D2736BDAC00FFC8FB /* Build configuration list for PBXNativeTarget "Data" */;
			buildPhases = (
				5B351F6E2736BDAC00FFC8FB /* Headers */,
				5B351F6F2736BDAC00FFC8FB /* Sources */,
				5B351F702736BDAC00FFC8FB /* Frameworks */,
				5B351F712736BDAC00FFC8FB /* Resources */,
			);
			buildRules = (
			);
			dependencies = (
				5B351F842736BDE300FFC8FB /* PBXTargetDependency */,
			);
			name = Data;
			packageProductDependencies = (
				5B351F992736CB9B00FFC8FB /* Alamofire */,
			);
			productName = Data;
			productReference = 5B351F732736BDAC00FFC8FB /* Data.framework */;
			productType = "com.apple.product-type.framework";
		};
		5BA2D7912736DBC6009B0FCA /* AppLaunchScene */ = {
			isa = PBXNativeTarget;
			buildConfigurationList = 5BA2D79C2736DBC6009B0FCA /* Build configuration list for PBXNativeTarget "AppLaunchScene" */;
			buildPhases = (
				5BA2D78D2736DBC6009B0FCA /* Headers */,
				5BA2D78E2736DBC6009B0FCA /* Sources */,
				5BA2D78F2736DBC6009B0FCA /* Frameworks */,
				5BA2D7902736DBC6009B0FCA /* Resources */,
			);
			buildRules = (
			);
			dependencies = (
			);
			name = AppLaunchScene;
			productName = AppLaunchScene;
			productReference = 5BA2D7922736DBC6009B0FCA /* AppLaunchScene.framework */;
			productType = "com.apple.product-type.framework";
		};
		5BA2D7A52736DD47009B0FCA /* SwiftUIPresentation */ = {
			isa = PBXNativeTarget;
			buildConfigurationList = 5BA2D7AE2736DD47009B0FCA /* Build configuration list for PBXNativeTarget "SwiftUIPresentation" */;
			buildPhases = (
				5BA2D7A12736DD47009B0FCA /* Headers */,
				5BA2D7A22736DD47009B0FCA /* Sources */,
				5BA2D7A32736DD47009B0FCA /* Frameworks */,
				5BA2D7A42736DD47009B0FCA /* Resources */,
				5BA2D7B52736DD6B009B0FCA /* Embed Frameworks */,
			);
			buildRules = (
			);
			dependencies = (
				5BA2D7B42736DD6B009B0FCA /* PBXTargetDependency */,
			);
			name = SwiftUIPresentation;
			productName = SwiftUIPresentation;
			productReference = 5BA2D7A62736DD47009B0FCA /* SwiftUIPresentation.framework */;
			productType = "com.apple.product-type.framework";
		};
		5BD00B5D26B735F3005910BB /* Weather */ = {
			isa = PBXNativeTarget;
			buildConfigurationList = 5BD00B7226B735F5005910BB /* Build configuration list for PBXNativeTarget "Weather" */;
			buildPhases = (
				5BD00B5A26B735F3005910BB /* Sources */,
				5BD00B5B26B735F3005910BB /* Frameworks */,
				5BD00B5C26B735F3005910BB /* Resources */,
				5B351F6A2736BD9500FFC8FB /* Embed Frameworks */,
			);
			buildRules = (
			);
			dependencies = (
				5B351F672736BD9500FFC8FB /* PBXTargetDependency */,
				5B351F7A2736BDAC00FFC8FB /* PBXTargetDependency */,
				5BA2D7AB2736DD47009B0FCA /* PBXTargetDependency */,
			);
			name = Weather;
			productName = Weather;
			productReference = 5BD00B5E26B735F3005910BB /* Weather.app */;
			productType = "com.apple.product-type.application";
		};
/* End PBXNativeTarget section */

/* Begin PBXProject section */
		5BD00B5626B735F3005910BB /* Project object */ = {
			isa = PBXProject;
			attributes = {
				LastSwiftUpdateCheck = 1250;
				LastUpgradeCheck = 1250;
				TargetAttributes = {
					5B351F5F2736BD9500FFC8FB = {
						CreatedOnToolsVersion = 13.1;
					};
					5B351F722736BDAC00FFC8FB = {
						CreatedOnToolsVersion = 13.1;
					};
					5BA2D7912736DBC6009B0FCA = {
						CreatedOnToolsVersion = 13.1;
						LastSwiftMigration = 1310;
					};
					5BA2D7A52736DD47009B0FCA = {
						CreatedOnToolsVersion = 13.1;
					};
					5BD00B5D26B735F3005910BB = {
						CreatedOnToolsVersion = 12.5.1;
					};
				};
			};
			buildConfigurationList = 5BD00B5926B735F3005910BB /* Build configuration list for PBXProject "Weather" */;
			compatibilityVersion = "Xcode 9.3";
			developmentRegion = en;
			hasScannedForEncodings = 0;
			knownRegions = (
				en,
				Base,
			);
			mainGroup = 5BD00B5526B735F3005910BB;
			packageReferences = (
				5B351F982736CB9B00FFC8FB /* XCRemoteSwiftPackageReference "Alamofire" */,
			);
			productRefGroup = 5BD00B5F26B735F3005910BB /* Products */;
			projectDirPath = "";
			projectRoot = "";
			targets = (
				5BD00B5D26B735F3005910BB /* Weather */,
				5B351F722736BDAC00FFC8FB /* Data */,
				5B351F5F2736BD9500FFC8FB /* Domain */,
				5BA2D7A52736DD47009B0FCA /* SwiftUIPresentation */,
				5BA2D7912736DBC6009B0FCA /* AppLaunchScene */,
			);
		};
/* End PBXProject section */

/* Begin PBXResourcesBuildPhase section */
		5B351F5E2736BD9500FFC8FB /* Resources */ = {
			isa = PBXResourcesBuildPhase;
			buildActionMask = 2147483647;
			files = (
			);
			runOnlyForDeploymentPostprocessing = 0;
		};
		5B351F712736BDAC00FFC8FB /* Resources */ = {
			isa = PBXResourcesBuildPhase;
			buildActionMask = 2147483647;
			files = (
				5B8D19AA273FD8050084BD55 /* city.list.json in Resources */,
			);
			runOnlyForDeploymentPostprocessing = 0;
		};
		5BA2D7902736DBC6009B0FCA /* Resources */ = {
			isa = PBXResourcesBuildPhase;
			buildActionMask = 2147483647;
			files = (
			);
			runOnlyForDeploymentPostprocessing = 0;
		};
		5BA2D7A42736DD47009B0FCA /* Resources */ = {
			isa = PBXResourcesBuildPhase;
			buildActionMask = 2147483647;
			files = (
			);
			runOnlyForDeploymentPostprocessing = 0;
		};
		5BD00B5C26B735F3005910BB /* Resources */ = {
			isa = PBXResourcesBuildPhase;
			buildActionMask = 2147483647;
			files = (
				5BD00B6E26B735F5005910BB /* LaunchScreen.storyboard in Resources */,
				5BD00B6B26B735F5005910BB /* Preview Assets.xcassets in Resources */,
				5BD00B6826B735F5005910BB /* Assets.xcassets in Resources */,
			);
			runOnlyForDeploymentPostprocessing = 0;
		};
/* End PBXResourcesBuildPhase section */

/* Begin PBXSourcesBuildPhase section */
		5B351F5C2736BD9500FFC8FB /* Sources */ = {
			isa = PBXSourcesBuildPhase;
			buildActionMask = 2147483647;
			files = (
				5B351F882736C0B700FFC8FB /* City.swift in Sources */,
				5B351F642736BD9500FFC8FB /* Domain.docc in Sources */,
				5B351F942736C34000FFC8FB /* CitySearchUseCaseImpl.swift in Sources */,
				5B351F902736C20200FFC8FB /* CitySearchUseCase.swift in Sources */,
				5B351F922736C30500FFC8FB /* CityStorage.swift in Sources */,
				5B351F8C2736C13B00FFC8FB /* CityRepo.swift in Sources */,
			);
			runOnlyForDeploymentPostprocessing = 0;
		};
		5B351F6F2736BDAC00FFC8FB /* Sources */ = {
			isa = PBXSourcesBuildPhase;
			buildActionMask = 2147483647;
			files = (
				5B351FA32736CF9000FFC8FB /* CityDTO.swift in Sources */,
				5B351FA02736CEB200FFC8FB /* Array+DomainRepresentable.swift in Sources */,
				5B351F972736C9AA00FFC8FB /* CityRepo.swift in Sources */,
				5B351F9D2736CE9700FFC8FB /* DomainRepresentable.swift in Sources */,
				5B351FA52736D0E900FFC8FB /* CityStorage.swift in Sources */,
				5B351F772736BDAC00FFC8FB /* Data.docc in Sources */,
			);
			runOnlyForDeploymentPostprocessing = 0;
		};
		5BA2D78E2736DBC6009B0FCA /* Sources */ = {
			isa = PBXSourcesBuildPhase;
			buildActionMask = 2147483647;
			files = (
				5BA2D79E2736DBFA009B0FCA /* AppLaunchView.swift in Sources */,
			);
			runOnlyForDeploymentPostprocessing = 0;
		};
		5BA2D7A22736DD47009B0FCA /* Sources */ = {
			isa = PBXSourcesBuildPhase;
			buildActionMask = 2147483647;
			files = (
			);
			runOnlyForDeploymentPostprocessing = 0;
		};
		5BD00B5A26B735F3005910BB /* Sources */ = {
			isa = PBXSourcesBuildPhase;
			buildActionMask = 2147483647;
			files = (
				5BD00B7626B73695005910BB /* MainViewController.swift in Sources */,
				5BD00B7926B736CD005910BB /* MainView.swift in Sources */,
				5BD00B6226B735F3005910BB /* AppDelegate.swift in Sources */,
				5BA6CC2926B747EF004350A6 /* ConfigReader.swift in Sources */,
				5BD00B6426B735F3005910BB /* SceneDelegate.swift in Sources */,
			);
			runOnlyForDeploymentPostprocessing = 0;
		};
/* End PBXSourcesBuildPhase section */

/* Begin PBXTargetDependency section */
		5B351F672736BD9500FFC8FB /* PBXTargetDependency */ = {
			isa = PBXTargetDependency;
			target = 5B351F5F2736BD9500FFC8FB /* Domain */;
			targetProxy = 5B351F662736BD9500FFC8FB /* PBXContainerItemProxy */;
		};
		5B351F7A2736BDAC00FFC8FB /* PBXTargetDependency */ = {
			isa = PBXTargetDependency;
			target = 5B351F722736BDAC00FFC8FB /* Data */;
			targetProxy = 5B351F792736BDAC00FFC8FB /* PBXContainerItemProxy */;
		};
		5B351F842736BDE300FFC8FB /* PBXTargetDependency */ = {
			isa = PBXTargetDependency;
			platformFilter = ios;
			target = 5B351F5F2736BD9500FFC8FB /* Domain */;
			targetProxy = 5B351F832736BDE300FFC8FB /* PBXContainerItemProxy */;
		};
		5BA2D7AB2736DD47009B0FCA /* PBXTargetDependency */ = {
			isa = PBXTargetDependency;
			target = 5BA2D7A52736DD47009B0FCA /* SwiftUIPresentation */;
			targetProxy = 5BA2D7AA2736DD47009B0FCA /* PBXContainerItemProxy */;
		};
		5BA2D7B42736DD6B009B0FCA /* PBXTargetDependency */ = {
			isa = PBXTargetDependency;
			target = 5BA2D7912736DBC6009B0FCA /* AppLaunchScene */;
			targetProxy = 5BA2D7B32736DD6B009B0FCA /* PBXContainerItemProxy */;
		};
/* End PBXTargetDependency section */

/* Begin PBXVariantGroup section */
		5BD00B6C26B735F5005910BB /* LaunchScreen.storyboard */ = {
			isa = PBXVariantGroup;
			children = (
				5BD00B6D26B735F5005910BB /* Base */,
			);
			name = LaunchScreen.storyboard;
			sourceTree = "<group>";
		};
/* End PBXVariantGroup section */

/* Begin XCBuildConfiguration section */
		5B351F6B2736BD9500FFC8FB /* Debug */ = {
			isa = XCBuildConfiguration;
			buildSettings = {
				CLANG_CXX_LANGUAGE_STANDARD = "gnu++17";
				CODE_SIGN_STYLE = Manual;
				CURRENT_PROJECT_VERSION = 1;
				DEFINES_MODULE = YES;
				DEVELOPMENT_TEAM = "";
				DYLIB_COMPATIBILITY_VERSION = 1;
				DYLIB_CURRENT_VERSION = 1;
				DYLIB_INSTALL_NAME_BASE = "@rpath";
				GENERATE_INFOPLIST_FILE = YES;
				INFOPLIST_KEY_NSHumanReadableCopyright = "";
				INSTALL_PATH = "$(LOCAL_LIBRARY_DIR)/Frameworks";
				IPHONEOS_DEPLOYMENT_TARGET = 15.0;
				LD_RUNPATH_SEARCH_PATHS = (
					"$(inherited)",
					"@executable_path/Frameworks",
					"@loader_path/Frameworks",
				);
				MARKETING_VERSION = 1.0;
				PRODUCT_BUNDLE_IDENTIFIER = ru.udm.fateniki.Domain;
				PRODUCT_NAME = "$(TARGET_NAME:c99extidentifier)";
				PROVISIONING_PROFILE_SPECIFIER = "";
				"PROVISIONING_PROFILE_SPECIFIER[sdk=macosx*]" = "";
				SKIP_INSTALL = YES;
				SUPPORTS_MACCATALYST = NO;
				SWIFT_EMIT_LOC_STRINGS = YES;
				SWIFT_VERSION = 5.0;
				TARGETED_DEVICE_FAMILY = 1;
				VERSIONING_SYSTEM = "apple-generic";
				VERSION_INFO_PREFIX = "";
			};
			name = Debug;
		};
		5B351F6C2736BD9500FFC8FB /* Release */ = {
			isa = XCBuildConfiguration;
			buildSettings = {
				CLANG_CXX_LANGUAGE_STANDARD = "gnu++17";
				CODE_SIGN_STYLE = Manual;
				CURRENT_PROJECT_VERSION = 1;
				DEFINES_MODULE = YES;
				DEVELOPMENT_TEAM = "";
				DYLIB_COMPATIBILITY_VERSION = 1;
				DYLIB_CURRENT_VERSION = 1;
				DYLIB_INSTALL_NAME_BASE = "@rpath";
				GENERATE_INFOPLIST_FILE = YES;
				INFOPLIST_KEY_NSHumanReadableCopyright = "";
				INSTALL_PATH = "$(LOCAL_LIBRARY_DIR)/Frameworks";
				IPHONEOS_DEPLOYMENT_TARGET = 15.0;
				LD_RUNPATH_SEARCH_PATHS = (
					"$(inherited)",
					"@executable_path/Frameworks",
					"@loader_path/Frameworks",
				);
				MARKETING_VERSION = 1.0;
				PRODUCT_BUNDLE_IDENTIFIER = ru.udm.fateniki.Domain;
				PRODUCT_NAME = "$(TARGET_NAME:c99extidentifier)";
				PROVISIONING_PROFILE_SPECIFIER = "";
				"PROVISIONING_PROFILE_SPECIFIER[sdk=macosx*]" = "";
				SKIP_INSTALL = YES;
				SUPPORTS_MACCATALYST = NO;
				SWIFT_EMIT_LOC_STRINGS = YES;
				SWIFT_VERSION = 5.0;
				TARGETED_DEVICE_FAMILY = 1;
				VERSIONING_SYSTEM = "apple-generic";
				VERSION_INFO_PREFIX = "";
			};
			name = Release;
		};
		5B351F7E2736BDAC00FFC8FB /* Debug */ = {
			isa = XCBuildConfiguration;
			buildSettings = {
				CLANG_CXX_LANGUAGE_STANDARD = "gnu++17";
				CODE_SIGN_STYLE = Automatic;
				CURRENT_PROJECT_VERSION = 1;
				DEFINES_MODULE = YES;
				DEVELOPMENT_TEAM = "";
				DYLIB_COMPATIBILITY_VERSION = 1;
				DYLIB_CURRENT_VERSION = 1;
				DYLIB_INSTALL_NAME_BASE = "@rpath";
				GENERATE_INFOPLIST_FILE = YES;
				INFOPLIST_KEY_NSHumanReadableCopyright = "";
				INSTALL_PATH = "$(LOCAL_LIBRARY_DIR)/Frameworks";
				IPHONEOS_DEPLOYMENT_TARGET = 15.0;
				LD_RUNPATH_SEARCH_PATHS = (
					"$(inherited)",
					"@executable_path/Frameworks",
					"@loader_path/Frameworks",
				);
				MARKETING_VERSION = 1.0;
				PRODUCT_BUNDLE_IDENTIFIER = ru.udm.fateniki.Data;
				PRODUCT_NAME = "$(TARGET_NAME:c99extidentifier)";
				SKIP_INSTALL = YES;
				SUPPORTS_MACCATALYST = NO;
				SWIFT_EMIT_LOC_STRINGS = YES;
				SWIFT_VERSION = 5.0;
				TARGETED_DEVICE_FAMILY = 1;
				VERSIONING_SYSTEM = "apple-generic";
				VERSION_INFO_PREFIX = "";
			};
			name = Debug;
		};
		5B351F7F2736BDAC00FFC8FB /* Release */ = {
			isa = XCBuildConfiguration;
			buildSettings = {
				CLANG_CXX_LANGUAGE_STANDARD = "gnu++17";
				CODE_SIGN_STYLE = Automatic;
				CURRENT_PROJECT_VERSION = 1;
				DEFINES_MODULE = YES;
				DEVELOPMENT_TEAM = "";
				DYLIB_COMPATIBILITY_VERSION = 1;
				DYLIB_CURRENT_VERSION = 1;
				DYLIB_INSTALL_NAME_BASE = "@rpath";
				GENERATE_INFOPLIST_FILE = YES;
				INFOPLIST_KEY_NSHumanReadableCopyright = "";
				INSTALL_PATH = "$(LOCAL_LIBRARY_DIR)/Frameworks";
				IPHONEOS_DEPLOYMENT_TARGET = 15.0;
				LD_RUNPATH_SEARCH_PATHS = (
					"$(inherited)",
					"@executable_path/Frameworks",
					"@loader_path/Frameworks",
				);
				MARKETING_VERSION = 1.0;
				PRODUCT_BUNDLE_IDENTIFIER = ru.udm.fateniki.Data;
				PRODUCT_NAME = "$(TARGET_NAME:c99extidentifier)";
				SKIP_INSTALL = YES;
				SUPPORTS_MACCATALYST = NO;
				SWIFT_EMIT_LOC_STRINGS = YES;
				SWIFT_VERSION = 5.0;
				TARGETED_DEVICE_FAMILY = 1;
				VERSIONING_SYSTEM = "apple-generic";
				VERSION_INFO_PREFIX = "";
			};
			name = Release;
		};
		5BA2D79A2736DBC6009B0FCA /* Debug */ = {
			isa = XCBuildConfiguration;
			buildSettings = {
				CLANG_CXX_LANGUAGE_STANDARD = "gnu++17";
				CLANG_ENABLE_MODULES = YES;
				CODE_SIGN_STYLE = Automatic;
				CURRENT_PROJECT_VERSION = 1;
				DEFINES_MODULE = YES;
				DEVELOPMENT_TEAM = "";
				DYLIB_COMPATIBILITY_VERSION = 1;
				DYLIB_CURRENT_VERSION = 1;
				DYLIB_INSTALL_NAME_BASE = "@rpath";
				GENERATE_INFOPLIST_FILE = YES;
				INFOPLIST_KEY_NSHumanReadableCopyright = "";
				INSTALL_PATH = "$(LOCAL_LIBRARY_DIR)/Frameworks";
				IPHONEOS_DEPLOYMENT_TARGET = 15.0;
				LD_RUNPATH_SEARCH_PATHS = (
					"$(inherited)",
					"@executable_path/Frameworks",
					"@loader_path/Frameworks",
				);
				MARKETING_VERSION = 1.0;
				PRODUCT_BUNDLE_IDENTIFIER = ru.udm.fateniki.AppLaunchScene;
				PRODUCT_NAME = "$(TARGET_NAME:c99extidentifier)";
				SKIP_INSTALL = YES;
				SWIFT_EMIT_LOC_STRINGS = YES;
				SWIFT_OPTIMIZATION_LEVEL = "-Onone";
				SWIFT_VERSION = 5.0;
				TARGETED_DEVICE_FAMILY = "1,2";
				VERSIONING_SYSTEM = "apple-generic";
				VERSION_INFO_PREFIX = "";
			};
			name = Debug;
		};
		5BA2D79B2736DBC6009B0FCA /* Release */ = {
			isa = XCBuildConfiguration;
			buildSettings = {
				CLANG_CXX_LANGUAGE_STANDARD = "gnu++17";
				CLANG_ENABLE_MODULES = YES;
				CODE_SIGN_STYLE = Automatic;
				CURRENT_PROJECT_VERSION = 1;
				DEFINES_MODULE = YES;
				DEVELOPMENT_TEAM = "";
				DYLIB_COMPATIBILITY_VERSION = 1;
				DYLIB_CURRENT_VERSION = 1;
				DYLIB_INSTALL_NAME_BASE = "@rpath";
				GENERATE_INFOPLIST_FILE = YES;
				INFOPLIST_KEY_NSHumanReadableCopyright = "";
				INSTALL_PATH = "$(LOCAL_LIBRARY_DIR)/Frameworks";
				IPHONEOS_DEPLOYMENT_TARGET = 15.0;
				LD_RUNPATH_SEARCH_PATHS = (
					"$(inherited)",
					"@executable_path/Frameworks",
					"@loader_path/Frameworks",
				);
				MARKETING_VERSION = 1.0;
				PRODUCT_BUNDLE_IDENTIFIER = ru.udm.fateniki.AppLaunchScene;
				PRODUCT_NAME = "$(TARGET_NAME:c99extidentifier)";
				SKIP_INSTALL = YES;
				SWIFT_EMIT_LOC_STRINGS = YES;
				SWIFT_VERSION = 5.0;
				TARGETED_DEVICE_FAMILY = "1,2";
				VERSIONING_SYSTEM = "apple-generic";
				VERSION_INFO_PREFIX = "";
			};
			name = Release;
		};
		5BA2D7AF2736DD47009B0FCA /* Debug */ = {
			isa = XCBuildConfiguration;
			buildSettings = {
				CLANG_CXX_LANGUAGE_STANDARD = "gnu++17";
				CODE_SIGN_STYLE = Automatic;
				CURRENT_PROJECT_VERSION = 1;
				DEFINES_MODULE = YES;
				DEVELOPMENT_TEAM = "";
				DYLIB_COMPATIBILITY_VERSION = 1;
				DYLIB_CURRENT_VERSION = 1;
				DYLIB_INSTALL_NAME_BASE = "@rpath";
				GENERATE_INFOPLIST_FILE = YES;
				INFOPLIST_KEY_NSHumanReadableCopyright = "";
				INSTALL_PATH = "$(LOCAL_LIBRARY_DIR)/Frameworks";
				IPHONEOS_DEPLOYMENT_TARGET = 15.0;
				LD_RUNPATH_SEARCH_PATHS = (
					"$(inherited)",
					"@executable_path/Frameworks",
					"@loader_path/Frameworks",
				);
				MARKETING_VERSION = 1.0;
				PRODUCT_BUNDLE_IDENTIFIER = ru.udm.fateniki.SwiftUIPresentation;
				PRODUCT_NAME = "$(TARGET_NAME:c99extidentifier)";
				SKIP_INSTALL = YES;
				SWIFT_EMIT_LOC_STRINGS = YES;
				SWIFT_VERSION = 5.0;
				TARGETED_DEVICE_FAMILY = "1,2";
				VERSIONING_SYSTEM = "apple-generic";
				VERSION_INFO_PREFIX = "";
			};
			name = Debug;
		};
		5BA2D7B02736DD47009B0FCA /* Release */ = {
			isa = XCBuildConfiguration;
			buildSettings = {
				CLANG_CXX_LANGUAGE_STANDARD = "gnu++17";
				CODE_SIGN_STYLE = Automatic;
				CURRENT_PROJECT_VERSION = 1;
				DEFINES_MODULE = YES;
				DEVELOPMENT_TEAM = "";
				DYLIB_COMPATIBILITY_VERSION = 1;
				DYLIB_CURRENT_VERSION = 1;
				DYLIB_INSTALL_NAME_BASE = "@rpath";
				GENERATE_INFOPLIST_FILE = YES;
				INFOPLIST_KEY_NSHumanReadableCopyright = "";
				INSTALL_PATH = "$(LOCAL_LIBRARY_DIR)/Frameworks";
				IPHONEOS_DEPLOYMENT_TARGET = 15.0;
				LD_RUNPATH_SEARCH_PATHS = (
					"$(inherited)",
					"@executable_path/Frameworks",
					"@loader_path/Frameworks",
				);
				MARKETING_VERSION = 1.0;
				PRODUCT_BUNDLE_IDENTIFIER = ru.udm.fateniki.SwiftUIPresentation;
				PRODUCT_NAME = "$(TARGET_NAME:c99extidentifier)";
				SKIP_INSTALL = YES;
				SWIFT_EMIT_LOC_STRINGS = YES;
				SWIFT_VERSION = 5.0;
				TARGETED_DEVICE_FAMILY = "1,2";
				VERSIONING_SYSTEM = "apple-generic";
				VERSION_INFO_PREFIX = "";
			};
			name = Release;
		};
		5BD00B7026B735F5005910BB /* Debug */ = {
			isa = XCBuildConfiguration;
			baseConfigurationReference = 5BA6CC2526B74505004350A6 /* Debug.xcconfig */;
			buildSettings = {
				ALWAYS_SEARCH_USER_PATHS = NO;
				CLANG_ANALYZER_NONNULL = YES;
				CLANG_ANALYZER_NUMBER_OBJECT_CONVERSION = YES_AGGRESSIVE;
				CLANG_CXX_LANGUAGE_STANDARD = "gnu++14";
				CLANG_CXX_LIBRARY = "libc++";
				CLANG_ENABLE_MODULES = YES;
				CLANG_ENABLE_OBJC_ARC = YES;
				CLANG_ENABLE_OBJC_WEAK = YES;
				CLANG_WARN_BLOCK_CAPTURE_AUTORELEASING = YES;
				CLANG_WARN_BOOL_CONVERSION = YES;
				CLANG_WARN_COMMA = YES;
				CLANG_WARN_CONSTANT_CONVERSION = YES;
				CLANG_WARN_DEPRECATED_OBJC_IMPLEMENTATIONS = YES;
				CLANG_WARN_DIRECT_OBJC_ISA_USAGE = YES_ERROR;
				CLANG_WARN_DOCUMENTATION_COMMENTS = YES;
				CLANG_WARN_EMPTY_BODY = YES;
				CLANG_WARN_ENUM_CONVERSION = YES;
				CLANG_WARN_INFINITE_RECURSION = YES;
				CLANG_WARN_INT_CONVERSION = YES;
				CLANG_WARN_NON_LITERAL_NULL_CONVERSION = YES;
				CLANG_WARN_OBJC_IMPLICIT_RETAIN_SELF = YES;
				CLANG_WARN_OBJC_LITERAL_CONVERSION = YES;
				CLANG_WARN_OBJC_ROOT_CLASS = YES_ERROR;
				CLANG_WARN_QUOTED_INCLUDE_IN_FRAMEWORK_HEADER = YES;
				CLANG_WARN_RANGE_LOOP_ANALYSIS = YES;
				CLANG_WARN_STRICT_PROTOTYPES = YES;
				CLANG_WARN_SUSPICIOUS_MOVE = YES;
				CLANG_WARN_UNGUARDED_AVAILABILITY = YES_AGGRESSIVE;
				CLANG_WARN_UNREACHABLE_CODE = YES;
				CLANG_WARN__DUPLICATE_METHOD_MATCH = YES;
				COPY_PHASE_STRIP = NO;
				DEBUG_INFORMATION_FORMAT = dwarf;
				ENABLE_STRICT_OBJC_MSGSEND = YES;
				ENABLE_TESTABILITY = YES;
				GCC_C_LANGUAGE_STANDARD = gnu11;
				GCC_DYNAMIC_NO_PIC = NO;
				GCC_NO_COMMON_BLOCKS = YES;
				GCC_OPTIMIZATION_LEVEL = 0;
				GCC_PREPROCESSOR_DEFINITIONS = (
					"DEBUG=1",
					"$(inherited)",
				);
				GCC_WARN_64_TO_32_BIT_CONVERSION = YES;
				GCC_WARN_ABOUT_RETURN_TYPE = YES_ERROR;
				GCC_WARN_UNDECLARED_SELECTOR = YES;
				GCC_WARN_UNINITIALIZED_AUTOS = YES_AGGRESSIVE;
				GCC_WARN_UNUSED_FUNCTION = YES;
				GCC_WARN_UNUSED_VARIABLE = YES;
				IPHONEOS_DEPLOYMENT_TARGET = 14.5;
				MTL_ENABLE_DEBUG_INFO = INCLUDE_SOURCE;
				MTL_FAST_MATH = YES;
				ONLY_ACTIVE_ARCH = YES;
				SDKROOT = iphoneos;
				SWIFT_ACTIVE_COMPILATION_CONDITIONS = DEBUG;
				SWIFT_OPTIMIZATION_LEVEL = "-Onone";
			};
			name = Debug;
		};
		5BD00B7126B735F5005910BB /* Release */ = {
			isa = XCBuildConfiguration;
			baseConfigurationReference = 5BA6CC2626B7450D004350A6 /* Release.xcconfig */;
			buildSettings = {
				ALWAYS_SEARCH_USER_PATHS = NO;
				CLANG_ANALYZER_NONNULL = YES;
				CLANG_ANALYZER_NUMBER_OBJECT_CONVERSION = YES_AGGRESSIVE;
				CLANG_CXX_LANGUAGE_STANDARD = "gnu++14";
				CLANG_CXX_LIBRARY = "libc++";
				CLANG_ENABLE_MODULES = YES;
				CLANG_ENABLE_OBJC_ARC = YES;
				CLANG_ENABLE_OBJC_WEAK = YES;
				CLANG_WARN_BLOCK_CAPTURE_AUTORELEASING = YES;
				CLANG_WARN_BOOL_CONVERSION = YES;
				CLANG_WARN_COMMA = YES;
				CLANG_WARN_CONSTANT_CONVERSION = YES;
				CLANG_WARN_DEPRECATED_OBJC_IMPLEMENTATIONS = YES;
				CLANG_WARN_DIRECT_OBJC_ISA_USAGE = YES_ERROR;
				CLANG_WARN_DOCUMENTATION_COMMENTS = YES;
				CLANG_WARN_EMPTY_BODY = YES;
				CLANG_WARN_ENUM_CONVERSION = YES;
				CLANG_WARN_INFINITE_RECURSION = YES;
				CLANG_WARN_INT_CONVERSION = YES;
				CLANG_WARN_NON_LITERAL_NULL_CONVERSION = YES;
				CLANG_WARN_OBJC_IMPLICIT_RETAIN_SELF = YES;
				CLANG_WARN_OBJC_LITERAL_CONVERSION = YES;
				CLANG_WARN_OBJC_ROOT_CLASS = YES_ERROR;
				CLANG_WARN_QUOTED_INCLUDE_IN_FRAMEWORK_HEADER = YES;
				CLANG_WARN_RANGE_LOOP_ANALYSIS = YES;
				CLANG_WARN_STRICT_PROTOTYPES = YES;
				CLANG_WARN_SUSPICIOUS_MOVE = YES;
				CLANG_WARN_UNGUARDED_AVAILABILITY = YES_AGGRESSIVE;
				CLANG_WARN_UNREACHABLE_CODE = YES;
				CLANG_WARN__DUPLICATE_METHOD_MATCH = YES;
				COPY_PHASE_STRIP = NO;
				DEBUG_INFORMATION_FORMAT = "dwarf-with-dsym";
				ENABLE_NS_ASSERTIONS = NO;
				ENABLE_STRICT_OBJC_MSGSEND = YES;
				GCC_C_LANGUAGE_STANDARD = gnu11;
				GCC_NO_COMMON_BLOCKS = YES;
				GCC_WARN_64_TO_32_BIT_CONVERSION = YES;
				GCC_WARN_ABOUT_RETURN_TYPE = YES_ERROR;
				GCC_WARN_UNDECLARED_SELECTOR = YES;
				GCC_WARN_UNINITIALIZED_AUTOS = YES_AGGRESSIVE;
				GCC_WARN_UNUSED_FUNCTION = YES;
				GCC_WARN_UNUSED_VARIABLE = YES;
				IPHONEOS_DEPLOYMENT_TARGET = 14.5;
				MTL_ENABLE_DEBUG_INFO = NO;
				MTL_FAST_MATH = YES;
				SDKROOT = iphoneos;
				SWIFT_COMPILATION_MODE = wholemodule;
				SWIFT_OPTIMIZATION_LEVEL = "-O";
				VALIDATE_PRODUCT = YES;
			};
			name = Release;
		};
		5BD00B7326B735F5005910BB /* Debug */ = {
			isa = XCBuildConfiguration;
			buildSettings = {
				ALWAYS_EMBED_SWIFT_STANDARD_LIBRARIES = YES;
				ASSETCATALOG_COMPILER_APPICON_NAME = AppIcon;
				ASSETCATALOG_COMPILER_GLOBAL_ACCENT_COLOR_NAME = AccentColor;
				CODE_SIGN_STYLE = Manual;
				DEVELOPMENT_ASSET_PATHS = "\"Weather/Preview Content\"";
				DEVELOPMENT_TEAM = "";
				ENABLE_PREVIEWS = YES;
				INFOPLIST_FILE = Weather/Info.plist;
				IPHONEOS_DEPLOYMENT_TARGET = 15.0;
				LD_RUNPATH_SEARCH_PATHS = (
					"$(inherited)",
					"@executable_path/Frameworks",
				);
				PRODUCT_BUNDLE_IDENTIFIER = ru.udm.fateniki.Weather;
				PRODUCT_NAME = "$(TARGET_NAME)";
				PROVISIONING_PROFILE_SPECIFIER = "";
				SWIFT_VERSION = 5.0;
				TARGETED_DEVICE_FAMILY = 1;
			};
			name = Debug;
		};
		5BD00B7426B735F5005910BB /* Release */ = {
			isa = XCBuildConfiguration;
			buildSettings = {
				ALWAYS_EMBED_SWIFT_STANDARD_LIBRARIES = YES;
				ASSETCATALOG_COMPILER_APPICON_NAME = AppIcon;
				ASSETCATALOG_COMPILER_GLOBAL_ACCENT_COLOR_NAME = AccentColor;
				CODE_SIGN_STYLE = Manual;
				DEVELOPMENT_ASSET_PATHS = "\"Weather/Preview Content\"";
				DEVELOPMENT_TEAM = "";
				ENABLE_PREVIEWS = YES;
				INFOPLIST_FILE = Weather/Info.plist;
				IPHONEOS_DEPLOYMENT_TARGET = 15.0;
				LD_RUNPATH_SEARCH_PATHS = (
					"$(inherited)",
					"@executable_path/Frameworks",
				);
				PRODUCT_BUNDLE_IDENTIFIER = ru.udm.fateniki.Weather;
				PRODUCT_NAME = "$(TARGET_NAME)";
				PROVISIONING_PROFILE_SPECIFIER = "";
				SWIFT_VERSION = 5.0;
				TARGETED_DEVICE_FAMILY = 1;
			};
			name = Release;
		};
/* End XCBuildConfiguration section */

/* Begin XCConfigurationList section */
		5B351F6D2736BD9500FFC8FB /* Build configuration list for PBXNativeTarget "Domain" */ = {
			isa = XCConfigurationList;
			buildConfigurations = (
				5B351F6B2736BD9500FFC8FB /* Debug */,
				5B351F6C2736BD9500FFC8FB /* Release */,
			);
			defaultConfigurationIsVisible = 0;
			defaultConfigurationName = Release;
		};
		5B351F7D2736BDAC00FFC8FB /* Build configuration list for PBXNativeTarget "Data" */ = {
			isa = XCConfigurationList;
			buildConfigurations = (
				5B351F7E2736BDAC00FFC8FB /* Debug */,
				5B351F7F2736BDAC00FFC8FB /* Release */,
			);
			defaultConfigurationIsVisible = 0;
			defaultConfigurationName = Release;
		};
		5BA2D79C2736DBC6009B0FCA /* Build configuration list for PBXNativeTarget "AppLaunchScene" */ = {
			isa = XCConfigurationList;
			buildConfigurations = (
				5BA2D79A2736DBC6009B0FCA /* Debug */,
				5BA2D79B2736DBC6009B0FCA /* Release */,
			);
			defaultConfigurationIsVisible = 0;
			defaultConfigurationName = Release;
		};
		5BA2D7AE2736DD47009B0FCA /* Build configuration list for PBXNativeTarget "SwiftUIPresentation" */ = {
			isa = XCConfigurationList;
			buildConfigurations = (
				5BA2D7AF2736DD47009B0FCA /* Debug */,
				5BA2D7B02736DD47009B0FCA /* Release */,
			);
			defaultConfigurationIsVisible = 0;
			defaultConfigurationName = Release;
		};
		5BD00B5926B735F3005910BB /* Build configuration list for PBXProject "Weather" */ = {
			isa = XCConfigurationList;
			buildConfigurations = (
				5BD00B7026B735F5005910BB /* Debug */,
				5BD00B7126B735F5005910BB /* Release */,
			);
			defaultConfigurationIsVisible = 0;
			defaultConfigurationName = Release;
		};
		5BD00B7226B735F5005910BB /* Build configuration list for PBXNativeTarget "Weather" */ = {
			isa = XCConfigurationList;
			buildConfigurations = (
				5BD00B7326B735F5005910BB /* Debug */,
				5BD00B7426B735F5005910BB /* Release */,
			);
			defaultConfigurationIsVisible = 0;
			defaultConfigurationName = Release;
		};
/* End XCConfigurationList section */

/* Begin XCRemoteSwiftPackageReference section */
		5B351F982736CB9B00FFC8FB /* XCRemoteSwiftPackageReference "Alamofire" */ = {
			isa = XCRemoteSwiftPackageReference;
			repositoryURL = "https://github.com/Alamofire/Alamofire.git";
			requirement = {
				kind = upToNextMajorVersion;
				minimumVersion = 5.0.0;
			};
		};
/* End XCRemoteSwiftPackageReference section */

/* Begin XCSwiftPackageProductDependency section */
		5B351F992736CB9B00FFC8FB /* Alamofire */ = {
			isa = XCSwiftPackageProductDependency;
			package = 5B351F982736CB9B00FFC8FB /* XCRemoteSwiftPackageReference "Alamofire" */;
			productName = Alamofire;
		};
/* End XCSwiftPackageProductDependency section */
	};
	rootObject = 5BD00B5626B735F3005910BB /* Project object */;
}
